
Microsoft Visual Studio Solution File, Format Version 12.00
# Visual Studio Version 17
VisualStudioVersion = 17.9.34622.214
MinimumVisualStudioVersion = 10.0.40219.1
Project("{FAE04EC0-301F-11D3-BF4B-00C04F79EFBC}") = "EmployeeApplication", "EmployeeApplication\EmployeeApplication.csproj", "{87A77285-C5E8-4A02-92E2-D81CD78D2E95}"
EndProject
Global
	GlobalSection(SolutionConfigurationPlatforms) = preSolution
		Debug|Any CPU = Debug|Any CPU
		Release|Any CPU = Release|Any CPU
	EndGlobalSection
	GlobalSection(ProjectConfigurationPlatforms) = postSolution
		{87A77285-C5E8-4A02-92E2-D81CD78D2E95}.Debug|Any CPU.ActiveCfg = Debug|Any CPU
		{87A77285-C5E8-4A02-92E2-D81CD78D2E95}.Debug|Any CPU.Build.0 = Debug|Any CPU
		{87A77285-C5E8-4A02-92E2-D81CD78D2E95}.Release|Any CPU.ActiveCfg = Release|Any CPU
		{87A77285-C5E8-4A02-92E2-D81CD78D2E95}.Release|Any CPU.Build.0 = Release|Any CPU
	EndGlobalSection
	GlobalSection(SolutionProperties) = preSolution
		HideSolutionNode = FALSE
	EndGlobalSection
	GlobalSection(ExtensibilityGlobals) = postSolution
		SolutionGuid = {70404450-012A-4656-8DBD-5478BA6F80B0}
	EndGlobalSection
EndGlobal
